{
    "_meta": {
        "hash": {
            "sha256": "93b81ad25793d9d08ee81737f30e82e88f1b6f793587e4866fc7a513a0e20c5f"
        },
        "pipfile-spec": 6,
        "requires": {
            "python_version": "3.12"
        },
        "sources": [
            {
                "name": "pypi",
                "url": "https://pypi.org/simple",
                "verify_ssl": true
            }
        ]
    },
    "default": {
        "greenlet": {
            "hashes": [
                "sha256:02925a0bfffc41e542c70aa14c7eda3593e4d7e274bfcccca1827e6c0875902e",
                "sha256:04bee4775f40ecefcdaa9d115ab44736cd4b9c5fba733575bfe9379419582e13",
                "sha256:070472cd156f0656f86f92e954591644e158fd65aa415ffbe2d44ca77656a8f5",
                "sha256:09f51496a0bfbaa9d74d36a52d2580d1ef5ed4fdfcff0a73730abfbbbe1403dd",
                "sha256:1108b61b06b5224656121c3c8ee8876161c491cbe74e5c519e0634c837cf93d5",
                "sha256:12184c61e5d64268a160226fb4818af4df02cfead8379d7f8b99a56c3a54ff3e",
                "sha256:14194f5f4305800ff329cbf02c5fcc88f01886cadd29941b807668a45f0d2336",
                "sha256:20fedaadd422fa02695f82093f9a98bad3dab5fcda793c658b945fcde2ab27ba",
                "sha256:27289986f4e5b0edec7b5a91063c109f0276abb09a7e9bdab08437525977c946",
                "sha256:2f080e028001c5273e0b42690eaf359aeef9cb1389da0f171ea51a5dc3c7608d",
                "sha256:301860987846c24cb8964bdec0e31a96ad4a2a801b41b4ef40963c1b44f33451",
                "sha256:32e4ca9777c5addcbf42ff3915d99030d8e00173a56f80001fb3875998fe410b",
                "sha256:33a956fe78bbbda82bfc95e128d61129b32d66bcf0a20a1f0c08aa4839ffa951",
                "sha256:34a729e2e4e4ffe9ae2408d5ecaf12f944853f40ad724929b7585bca808a9d6f",
                "sha256:39eda9ba259cc9801da05351eaa8576e9aa83eb9411e8f0c299e05d712a210f2",
                "sha256:3a300354f27dd86bae5fbf7002e6dd2b3255cd372e9242c933faf5e859b703fe",
                "sha256:3e0f3878ca3a3ff63ab4ea478585942b53df66ddde327b59ecb191b19dbbd62d",
                "sha256:3e63252943c921b90abb035ebe9de832c436401d9c45f262d80e2d06cc659242",
                "sha256:41848f3230b58c08bb43dee542e74a2a2e34d3c59dc3076cec9151aeeedcae98",
                "sha256:49f4ad195d45f4a66a0eb9c1ba4832bb380570d361912fa3554746830d332149",
                "sha256:4b065d3284be43728dd280f6f9a13990b56470b81be20375a207cdc814a983f2",
                "sha256:4b9721549a95db96689458a1e0ae32412ca18776ed004463df3a9299c1b257ab",
                "sha256:50e1457f4fed12a50e427988a07f0f9df53cf0ee8da23fab16e6732c2ec909d4",
                "sha256:59913f1e5ada20fde795ba906916aea25d442abcc0593fba7e26c92b7ad76249",
                "sha256:5fd23b9bc6d37b563211c6abbb1b3cab27db385a4449af5c32e932f93017080c",
                "sha256:6423481193bbbe871313de5fd06a082f2649e7ce6e08015d2a76c1e9186ca5b3",
                "sha256:65be2f026ca6a176f88fb935ee23c18333ccea97048076aef4db1ef5bc0713ac",
                "sha256:67ea3fc73c8cd92f42467a72b75e8f05ed51a0e9b1d15398c913416f2dafd49f",
                "sha256:71c767cf281a80d02b6c1bdc41c9468e1f5a494fb11bc8688c360524e273d7b1",
                "sha256:76e39058e68eb125de10c92524573924e827927df5d3891fbc97bd55764a8774",
                "sha256:7932f5f57609b6a3b82cc11877709aa7a98e3308983ed93552a1c377069b20c8",
                "sha256:7a3ae05b3d225b4155bda56b072ceb09d05e974bc74be6c3fc15463cf69f33fd",
                "sha256:7ab327905cabb0622adca5971e488064e35115430cec2c35a50fd36e72a315b3",
                "sha256:7b2fe4150a0cf59f847a67db8c155ac36aed89080a6a639e9f16df5d6c6096f1",
                "sha256:7e806ca53acf6d15a888405880766ec84721aa4181261cd11a457dfe9a7a4975",
                "sha256:80aa4d79eb5564f2e0a6144fcc744b5a37c56c4a92d60920720e99210d88db0f",
                "sha256:92497c78adf3ac703b57f1e3813c2d874f27f71a178f9ea5887855da413cd6d2",
                "sha256:96aff77af063b607f2489473484e39a0bbae730f2ea90c9e5606c9b73c44174a",
                "sha256:aec9ab04e82918e623415947921dea15851b152b822661cce3f8e4393c3df683",
                "sha256:b066e8b50e28b503f604fa538adc764a638b38cf8e81e025011d26e8a627fa79",
                "sha256:b31c05dd84ef6871dd47120386aed35323c944d86c3d91a17c4b8d23df62f15b",
                "sha256:bd59acd8529b372775cd0fcbc5f420ae20681c5b045ce25bd453ed8455ab99b5",
                "sha256:bfb2d1763d777de5ee495c85309460f6fd8146e50ec9d0ae0183dbf6f0a829d1",
                "sha256:c620051669fd04ac6b60ebc70478210119c56e2d5d5df848baec4312e260e4ca",
                "sha256:c9f9d5e7a9310b7a2f416dd13d2e3fd8b42d803968ea580b7c0f322ccb389b97",
                "sha256:cb0feb07fe6e6a74615ee62a880007d976cf739b6669cce95daa7373d4fc69c5",
                "sha256:cc98b9c4e4870fa983436afa999d4eb16b12872fab7071423d5262fa7120d57a",
                "sha256:d842c94b9155f1c9b3058036c24ffb8ff78b428414a19792b2380be9cecf4f36",
                "sha256:da19609432f353fed186cc1b85e9440db93d489f198b4bdf42ae19cc9d9ac9b4",
                "sha256:e0093bd1a06d899892427217f0ff2a3c8f306182b8c754336d32e2d587c131b4",
                "sha256:e2e7e882f83149f0a71ac822ebf156d902e7a5d22c9045e3e0d1daf59cee2cc9",
                "sha256:e84b51cbebf9ae573b5fbd15df88887815e3253fc000a7d0ff95170e8f7e9729",
                "sha256:ed6b402bc74d6557a705e197d47f9063733091ed6357b3de33619d8a8d93ac53"
            ],
            "markers": "python_version >= '3.10'",
            "version": "==3.3.1"
        },
        "psycopg2-binary": {
            "hashes": [
                "sha256:00ce1830d971f43b667abe4a56e42c1e2d594b32da4802e44a73bacacb25535f",
                "sha256:04195548662fa544626c8ea0f06561eb6203f1984ba5b4562764fbeb4c3d14b1",
                "sha256:0da4de5c1ac69d94ed4364b6cbe7190c1a70d325f112ba783d83f8440285f152",
                "sha256:0e8480afd62362d0a6a27dd09e4ca2def6fa50ed3a4e7c09165266106b2ffa10",
                "sha256:20e7fb94e20b03dcc783f76c0865f9da39559dcc0c28dd1a3fce0d01902a6b9c",
                "sha256:2c226ef95eb2250974bf6fa7a842082b31f68385c4f3268370e3f3870e7859ee",
                "sha256:2d11098a83cca92deaeaed3d58cfd150d49b3b06ee0d0852be466bf87596899e",
                "sha256:2e164359396576a3cc701ba8af4751ae68a07235d7a380c631184a611220d9a4",
                "sha256:304fd7b7f97eef30e91b8f7e720b3db75fee010b520e434ea35ed1ff22501d03",
                "sha256:31b32c457a6025e74d233957cc9736742ac5a6cb196c6b68499f6bb51390bd6a",
                "sha256:32770a4d666fbdafab017086655bcddab791d7cb260a16679cc5a7338b64343b",
                "sha256:366df99e710a2acd90efed3764bb1e28df6c675d33a7fb40df9b7281694432ee",
                "sha256:37d8412565a7267f7d79e29ab66876e55cb5e8e7b3bbf94f8206f6795f8f7e7e",
                "sha256:4012c9c954dfaccd28f94e84ab9f94e12df76b4afb22331b1f0d3154893a6316",
                "sha256:41360b01c140c2a03d346cec3280cf8a71aa07d94f3b1509fa0161c366af66b4",
                "sha256:44fc5c2b8fa871ce7f0023f619f1349a0aa03a0857f2c96fbc01c657dcbbdb49",
                "sha256:47f212c1d3be608a12937cc131bd85502954398aaa1320cb4c14421a0ffccf4c",
                "sha256:4bdab48575b6f870f465b397c38f1b415520e9879fdf10a53ee4f49dcbdf8a21",
                "sha256:4dca1f356a67ecb68c81a7bc7809f1569ad9e152ce7fd02c2f2036862ca9f66b",
                "sha256:5c6ff3335ce08c75afaed19e08699e8aacf95d4a260b495a4a8545244fe2ceb3",
                "sha256:5f3f2732cf504a1aa9e9609d02f79bea1067d99edf844ab92c247bbca143303b",
                "sha256:62b6d93d7c0b61a1dd6197d208ab613eb7dcfdcca0a49c42ceb082257991de9d",
                "sha256:691c807d94aecfbc76a14e1408847d59ff5b5906a04a23e12a89007672b9e819",
                "sha256:763c93ef1df3da6d1a90f86ea7f3f806dc06b21c198fa87c3c25504abec9404a",
                "sha256:84011ba3109e06ac412f95399b704d3d6950e386b7994475b231cf61eec2fc1f",
                "sha256:865f9945ed1b3950d968ec4690ce68c55019d79e4497366d36e090327ce7db14",
                "sha256:875039274f8a2361e5207857899706da840768e2a775bf8c65e82f60b197df02",
                "sha256:8b81627b691f29c4c30a8f322546ad039c40c328373b11dff7490a3e1b517855",
                "sha256:8c55b385daa2f92cb64b12ec4536c66954ac53654c7f15a203578da4e78105c0",
                "sha256:91537a8df2bde69b1c1db01d6d944c831ca793952e4f57892600e96cee95f2cd",
                "sha256:92e3b669236327083a2e33ccfa0d320dd01b9803b3e14dd986a4fc54aa00f4e1",
                "sha256:9b52a3f9bb540a3e4ec0f6ba6d31339727b2950c9772850d6545b7eae0b9d7c5",
                "sha256:9bd81e64e8de111237737b29d68039b9c813bdf520156af36d26819c9a979e5f",
                "sha256:9c55460033867b4622cda1b6872edf445809535144152e5d14941ef591980edf",
                "sha256:9d3a9edcfbe77a3ed4bc72836d466dfce4174beb79eda79ea155cc77237ed9e8",
                "sha256:a1cf393f1cdaf6a9b57c0a719a1068ba1069f022a59b8b1fe44b006745b59757",
                "sha256:a28d8c01a7b27a1e3265b11250ba7557e5f72b5ee9e5f3a2fa8d2949c29bf5d2",
                "sha256:a311f1edc9967723d3511ea7d2708e2c3592e3405677bf53d5c7246753591fbb",
                "sha256:a6c0e4262e089516603a09474ee13eabf09cb65c332277e39af68f6233911087",
                "sha256:ab8905b5dcb05bf3fb22e0cf90e10f469563486ffb6a96569e51f897c750a76a",
                "sha256:b31e90fdd0f968c2de3b26ab014314fe814225b6c324f770952f7d38abf17e3c",
                "sha256:b33fabeb1fde21180479b2d4667e994de7bbf0eec22832ba5d9b5e4cf65b6c6d",
                "sha256:b637d6d941209e8d96a072d7977238eea128046effbf37d1d8b2c0764750017d",
                "sha256:b6aed9e096bf63f9e75edf2581aa9a7e7186d97ab5c177aa6c87797cd591236c",
                "sha256:b8fb3db325435d34235b044b199e56cdf9ff41223a4b9752e8576465170bb38c",
                "sha256:ba34475ceb08cccbdd98f6b46916917ae6eeb92b5ae111df10b544c3a4621dc4",
                "sha256:be9b840ac0525a283a96b556616f5b4820e0526addb8dcf6525a0fa162730be4",
                "sha256:bf940cd7e7fec19181fdbc29d76911741153d51cab52e5c21165f3262125685e",
                "sha256:c0377174bf1dd416993d16edc15357f6eb17ac998244cca19bc67cdc0e2e5766",
                "sha256:c3cb3a676873d7506825221045bd70e0427c905b9c8ee8d6acd70cfcbd6e576d",
                "sha256:c47676e5b485393f069b4d7a811267d3168ce46f988fa602658b8bb901e9e64d",
                "sha256:c665f01ec8ab273a61c62beeb8cce3014c214429ced8a308ca1fc410ecac3a39",
                "sha256:cffe9d7697ae7456649617e8bb8d7a45afb71cd13f7ab22af3e5c61f04840908",
                "sha256:d526864e0f67f74937a8fce859bd56c979f5e2ec57ca7c627f5f1071ef7fee60",
                "sha256:d57c9c387660b8893093459738b6abddbb30a7eab058b77b0d0d1c7d521ddfd7",
                "sha256:d6fe6b47d0b42ce1c9f1fa3e35bb365011ca22e39db37074458f27921dca40f2",
                "sha256:db4fd476874ccfdbb630a54426964959e58da4c61c9feba73e6094d51303d7d8",
                "sha256:e0deeb03da539fa3577fcb0b3f2554a97f7e5477c246098dbb18091a4a01c16f",
                "sha256:e35b7abae2b0adab776add56111df1735ccc71406e56203515e228a8dc07089f",
                "sha256:ebb415404821b6d1c47353ebe9c8645967a5235e6d88f914147e7fd411419e6f",
                "sha256:edcb3aeb11cb4bf13a2af3c53a15b3d612edeb6409047ea0b5d6a21a9d744b34",
                "sha256:ef7a6beb4beaa62f88592ccc65df20328029d721db309cb3250b0aae0fa146c3",
                "sha256:efff12b432179443f54e230fdf60de1f6cc726b6c832db8701227d089310e8aa",
                "sha256:f07c9c4a5093258a03b28fab9b4f151aa376989e7f35f855088234e656ee6a94",
                "sha256:f090b7ddd13ca842ebfe301cd587a76a4cf0913b1e429eb92c1be5dbeb1a19bc",
                "sha256:fa0f693d3c68ae925966f0b14b8edda71696608039f4ed61b1fe9ffa468d16db",
                "sha256:fcf21be3ce5f5659daefd2b3b3b6e4727b028221ddc94e6c1523425579664747"
            ],
            "index": "pypi",
            "markers": "python_version >= '3.9'",
            "version": "==2.9.11"
        },
        "sqlalchemy": {
            "hashes": [
                "sha256:09168817d6c19954d3b7655da6ba87fcb3a62bb575fb396a81a8b6a9fadfe8b5",
                "sha256:0cc3117db526cad3e61074100bd2867b533e2c7dc1569e95c14089735d6fb4fe",
                "sha256:181903fe8c1b9082995325f1b2e84ac078b1189e2819380c2303a5f90e114a62",
                "sha256:1bc3f601f0a818d27bfe139f6766487d9c88502062a2cd3a7ee6c342e81d5047",
                "sha256:1e6199143d51e3e1168bedd98cc698397404a8f7508831b81b6a29b18b051069",
                "sha256:2347c3f0efc4de367ba00218e0ae5c4ba2306e47216ef80d6e31761ac97cb0b9",
                "sha256:261c4b1f101b4a411154f1da2b76497d73abbfc42740029205d4d01fa1052684",
                "sha256:33e462154edb9493f6c3ad2125931e273bbd0be8ae53f3ecd1c161ea9a1dd366",
                "sha256:37fee2164cf21417478b6a906adc1a91d69ae9aba8f9533e67ce882f4bb1de53",
                "sha256:3a9a72b0da8387f15d5810f1facca8f879de9b85af8c645138cba61ea147968c",
                "sha256:3aac08f7546179889c62b53b18ebf1148b10244b3405569c93984b0388d016a7",
                "sha256:3c32e993bc57be6d177f7d5d31edb93f30726d798ad86ff9066d75d9bf2e0b6b",
                "sha256:412f26bb4ba942d52016edc8d12fb15d91d3cd46b0047ba46e424213ad407bcb",
                "sha256:42a1643dc5427b69aca967dae540a90b0fbf57eaf248f13a90ea5930e0966863",
                "sha256:4396c948d8217e83e2c202fbdcc0389cf8c93d2c1c5e60fa5c5a955eae0e64be",
                "sha256:4dafb537740eef640c4d6a7c254611dca2df87eaf6d14d6a5fca9d1f4c3fc0fa",
                "sha256:4f52f7291a92381e9b4de9050b0a65ce5d6a763333406861e33906b8aa4906bf",
                "sha256:52fe29b3817bd191cc20bad564237c808967972c97fa683c04b28ec8979ae36f",
                "sha256:56bdd261bfd0895452006d5316cbf35739c53b9bb71a170a331fa0ea560b2ada",
                "sha256:585af6afe518732d9ccd3aea33af2edaae4a7aa881af5d8f6f4fe3a368699597",
                "sha256:590be24e20e2424a4c3c1b0835e9405fa3d0af5823a1a9fc02e5dff56471515f",
                "sha256:64901e08c33462acc9ec3bad27fc7a5c2b6491665f2aa57564e57a4f5d7c52ad",
                "sha256:6ac245604295b521de49b465bab845e3afe6916bcb2147e5929c8041b4ec0545",
                "sha256:6f827fd687fa1ba7f51699e1132129eac8db8003695513fcf13fc587e1bd47a5",
                "sha256:70ed2830b169a9960193f4d4322d22be5c0925357d82cbf485b3369893350908",
                "sha256:716be5bcabf327b6d5d265dbdc6213a01199be587224eb991ad0d37e83d728fd",
                "sha256:7568fe771f974abadce52669ef3a03150ff03186d8eb82613bc8adc435a03f01",
                "sha256:77f8071d8fbcbb2dd11b7fd40dedd04e8ebe2eb80497916efedba844298065ef",
                "sha256:82ec52100ec1e6ec671563bbd02d7c7c8d0b9e71a0723c72f22ecf52d1755330",
                "sha256:895296687ad06dc9b11a024cf68e8d9d3943aa0b4964278d2553b86f1b267735",
                "sha256:8d3b44b3d0ab2f1319d71d9863d76eeb46766f8cf9e921ac293511804d39813f",
                "sha256:8d679b5f318423eacb61f933a9a0f75535bfca7056daeadbf6bd5bcee6183aee",
                "sha256:8e84b09a9b0f19accedcbeff5c2caf36e0dd537341a33aad8d680336152dc34e",
                "sha256:9094c8b3197db12aa6f05c51c05daaad0a92b8c9af5388569847b03b1007fb1b",
                "sha256:90bde6c6b1827565a95fde597da001212ab436f1b2e0c2dcc7246e14db26e2a3",
                "sha256:9397b381dcee8a2d6b99447ae85ea2530dcac82ca494d1db877087a13e38926d",
                "sha256:93a12da97cca70cea10d4b4fc602589c4511f96c1f8f6c11817620c021d21d00",
                "sha256:93bb0aae40b52c57fd74ef9c6933c08c040ba98daf23ad33c3f9893494b8d3ce",
                "sha256:94b1e5f3a5f1ff4f42d5daab047428cd45a3380e51e191360a35cef71c9a7a2a",
                "sha256:965c62be8256d10c11f8907e7a8d3e18127a4c527a5919d85fa87fd9ecc2cfdc",
                "sha256:96c7cca1a4babaaf3bfff3e4e606e38578856917e52f0384635a95b226c87764",
                "sha256:9bcdce05f056622a632f1d44bb47dbdb677f58cad393612280406ce37530eb6d",
                "sha256:9d80ea2ac519c364a7286e8d765d6cd08648f5b21ca855a8017d9871f075542d",
                "sha256:a1e8cc6cc01da346dc92d9509a63033b9b1bda4fed7a7a7807ed385c7dccdc10",
                "sha256:ab65cb2885a9f80f979b85aa4e9c9165a31381ca322cbde7c638fe6eefd1ec39",
                "sha256:af865c18752d416798dae13f83f38927c52f085c52e2f32b8ab0fef46fdd02c2",
                "sha256:b1e14b2f6965a685c7128bd315e27387205429c2e339eeec55cb75ca4ab0ea2e",
                "sha256:b2a9f9aee38039cf4755891a1e50e1effcc42ea6ba053743f452c372c3152b1b",
                "sha256:be6c0466b4c25b44c5d82b0426b5501de3c424d7a3220e86cd32f319ba56798e",
                "sha256:c4e2cc868b7b5208aec6c960950b7bb821f82c2fe66446c92ee0a571765e91a5",
                "sha256:c805fa6e5d461329fa02f53f88c914d189ea771b6821083937e79550bf31fc19",
                "sha256:cf36851ee7219c170bb0793dbc3da3e80c582e04a5437bc601bfe8c85c9216d7",
                "sha256:db23b1bf8cfe1f7fda19018e7207b20cdb5168f83c437ff7e95d19e39289c447",
                "sha256:e0c05aff5c6b1bb5fb46a87e0f9d2f733f83ef6cbbbcd5c642b6c01678268061",
                "sha256:e8ac45e8f4eaac0f9f8043ea0e224158855c6a4329fd4ee37c45c61e3beb518e",
                "sha256:ea3cd46b6713a10216323cda3333514944e510aa691c945334713fca6b5279ff",
                "sha256:ebf7e1e78af38047e08836d33502c7a278915698b7c2145d045f780201679999",
                "sha256:f9c11766e7e7c0a2767dda5acb006a118640c9fc0a4104214b96269bfb78399e",
                "sha256:ff33c6e6ad006bbc0f34f5faf941cfc62c45841c64c0a058ac38c799f15b5ede"
            ],
            "index": "pypi",
            "markers": "python_version >= '3.7'",
            "version": "==2.0.46"
        },
        "typing-extensions": {
            "hashes": [
                "sha256:0cea48d173cc12fa28ecabc3b837ea3cf6f38c6d1136f85cbaaf598984861466",
                "sha256:f0fa19c6845758ab08074a0cfa8b7aecb71c999ca73d62883bc25cc018c4e548"
            ],
            "markers": "python_version >= '3.9'",
            "version": "==4.15.0"
        }
    },
    "develop": {}
}
